
Microsoft Visual Studio Solution File, Format Version 12.00
# Visual Studio Version 17
VisualStudioVersion = 17.8.34004.107
MinimumVisualStudioVersion = 10.0.40219.1
Project("{9A19103F-16F7-4668-BE54-9A1E7A4F7556}") = "Apex.RobotCarGpt", "Apex.RobotCarGpt.csproj", "{A1F417DF-DA1F-4C06-8AB1-EA22669FF967}"
EndProject
Global
	GlobalSection(SolutionConfigurationPlatforms) = preSolution
		Debug|Any CPU = Debug|Any CPU
		Release|Any CPU = Release|Any CPU
	EndGlobalSection
	GlobalSection(ProjectConfigurationPlatforms) = postSolution
		{A1F417DF-DA1F-4C06-8AB1-EA22669FF967}.Debug|Any CPU.ActiveCfg = Debug|Any CPU
		{A1F417DF-DA1F-4C06-8AB1-EA22669FF967}.Debug|Any CPU.Build.0 = Debug|Any CPU
		{A1F417DF-DA1F-4C06-8AB1-EA22669FF967}.Release|Any CPU.ActiveCfg = Release|Any CPU
		{A1F417DF-DA1F-4C06-8AB1-EA22669FF967}.Release|Any CPU.Build.0 = Release|Any CPU
	EndGlobalSection
	GlobalSection(SolutionProperties) = preSolution
		HideSolutionNode = FALSE
	EndGlobalSection
	GlobalSection(ExtensibilityGlobals) = postSolution
		SolutionGuid = {110DF11F-E0D0-4384-ADC8-86EA70915A9E}
	EndGlobalSection
EndGlobal
